
Microsoft Visual Studio Solution File, Format Version 12.00
# Visual Studio Version 17
VisualStudioVersion = 17.10.35004.147
MinimumVisualStudioVersion = 10.0.40219.1
Project("{FAE04EC0-301F-11D3-BF4B-00C04F79EFBC}") = "WebAppInventoryMVC", "WebAppInventoryMVC.csproj", "{5DAF056A-A59B-4D2A-9894-98B555B950D0}"
EndProject
Global
	GlobalSection(SolutionConfigurationPlatforms) = preSolution
		Debug|Any CPU = Debug|Any CPU
		Release|Any CPU = Release|Any CPU
	EndGlobalSection
	GlobalSection(ProjectConfigurationPlatforms) = postSolution
		{5DAF056A-A59B-4D2A-9894-98B555B950D0}.Debug|Any CPU.ActiveCfg = Debug|Any CPU
		{5DAF056A-A59B-4D2A-9894-98B555B950D0}.Debug|Any CPU.Build.0 = Debug|Any CPU
		{5DAF056A-A59B-4D2A-9894-98B555B950D0}.Release|Any CPU.ActiveCfg = Release|Any CPU
		{5DAF056A-A59B-4D2A-9894-98B555B950D0}.Release|Any CPU.Build.0 = Release|Any CPU
	EndGlobalSection
	GlobalSection(SolutionProperties) = preSolution
		HideSolutionNode = FALSE
	EndGlobalSection
	GlobalSection(ExtensibilityGlobals) = postSolution
		SolutionGuid = {F5A4AB18-5A9C-45B0-9C93-8D5D0BE76CA4}
	EndGlobalSection
EndGlobal
